
Microsoft Visual Studio Solution File, Format Version 12.00
# Visual Studio Version 16
VisualStudioVersion = 16.0.30804.86
MinimumVisualStudioVersion = 10.0.40219.1
Project("{9A19103F-16F7-4668-BE54-9A1E7A4F7556}") = "Greeter", "Greeter\Greeter.csproj", "{7D2A006B-53DE-414E-9F85-3AAB282DD3CB}"
EndProject
Global
	GlobalSection(SolutionConfigurationPlatforms) = preSolution
		Debug|Any CPU = Debug|Any CPU
		Release|Any CPU = Release|Any CPU
	EndGlobalSection
	GlobalSection(ProjectConfigurationPlatforms) = postSolution
		{7D2A006B-53DE-414E-9F85-3AAB282DD3CB}.Debug|Any CPU.ActiveCfg = Debug|Any CPU
		{7D2A006B-53DE-414E-9F85-3AAB282DD3CB}.Debug|Any CPU.Build.0 = Debug|Any CPU
		{7D2A006B-53DE-414E-9F85-3AAB282DD3CB}.Release|Any CPU.ActiveCfg = Release|Any CPU
		{7D2A006B-53DE-414E-9F85-3AAB282DD3CB}.Release|Any CPU.Build.0 = Release|Any CPU
	EndGlobalSection
	GlobalSection(SolutionProperties) = preSolution
		HideSolutionNode = FALSE
	EndGlobalSection
	GlobalSection(ExtensibilityGlobals) = postSolution
		SolutionGuid = {AB1D76C1-825C-4617-94F0-DAC66E6998A1}
	EndGlobalSection
EndGlobal
